
Microsoft Visual Studio Solution File, Format Version 12.00
# Visual Studio Version 17
VisualStudioVersion = 17.8.34330.188
MinimumVisualStudioVersion = 10.0.40219.1
Project("{9A19103F-16F7-4668-BE54-9A1E7A4F7556}") = "YouTube.CSharp.Initial", "YouTube.CSharp.Initial\YouTube.CSharp.Initial.csproj", "{ED961FF9-FEB2-4D54-B80F-6892EEF0BC33}"
EndProject
Project("{9A19103F-16F7-4668-BE54-9A1E7A4F7556}") = "YouTube.CSharp.DataTypes", "YouTube.CSharp.DataTypes\YouTube.CSharp.DataTypes.csproj", "{2552AC86-FCE0-4DB5-9C5B-9F02513CE6DC}"
EndProject
Project("{9A19103F-16F7-4668-BE54-9A1E7A4F7556}") = "YouTube.CSharp.TypeConversions", "YouTube.CSharp.TypeConversions\YouTube.CSharp.TypeConversions.csproj", "{30617AB2-7592-4C46-A963-638799D9C83D}"
EndProject
Project("{9A19103F-16F7-4668-BE54-9A1E7A4F7556}") = "YouTube.CSharp.CalculationsAndOperators", "YouTube.CSharp.CalculationsAndOperators\YouTube.CSharp.CalculationsAndOperators.csproj", "{D0BDD840-5FEA-48DE-9FA4-ED5A70F793E1}"
EndProject
Project("{9A19103F-16F7-4668-BE54-9A1E7A4F7556}") = "YouTube.CSharp.IfElseAndSwitchBlocks", "YouTube.CSharp.IfElseAndSwitchBlocks\YouTube.CSharp.IfElseAndSwitchBlocks.csproj", "{793A96CD-88E1-48F3-87B8-E55973EE06CF}"
EndProject
Project("{9A19103F-16F7-4668-BE54-9A1E7A4F7556}") = "YouTube.CSharp.ApplicationDemo", "YouTube.CSharp.ApplicationDemo\YouTube.CSharp.ApplicationDemo.csproj", "{0C6A2A1B-D570-4A6B-A97E-6833AB6958A0}"
EndProject
Project("{9A19103F-16F7-4668-BE54-9A1E7A4F7556}") = "YouTube.CSharp.Methods", "YouTube.CSharp.Methods\YouTube.CSharp.Methods.csproj", "{106F7D51-C9E5-412A-9171-FAEF40FF148F}"
EndProject
Project("{FAE04EC0-301F-11D3-BF4B-00C04F79EFBC}") = "YouTube.CSharp.Arrays", "YouTube.CSharp.Arrays\YouTube.CSharp.Arrays.csproj", "{EECF45FF-E34D-4B51-AD4B-198E310719C4}"
EndProject
Global
	GlobalSection(SolutionConfigurationPlatforms) = preSolution
		Debug|Any CPU = Debug|Any CPU
		Release|Any CPU = Release|Any CPU
	EndGlobalSection
	GlobalSection(ProjectConfigurationPlatforms) = postSolution
		{ED961FF9-FEB2-4D54-B80F-6892EEF0BC33}.Debug|Any CPU.ActiveCfg = Debug|Any CPU
		{ED961FF9-FEB2-4D54-B80F-6892EEF0BC33}.Debug|Any CPU.Build.0 = Debug|Any CPU
		{ED961FF9-FEB2-4D54-B80F-6892EEF0BC33}.Release|Any CPU.ActiveCfg = Release|Any CPU
		{ED961FF9-FEB2-4D54-B80F-6892EEF0BC33}.Release|Any CPU.Build.0 = Release|Any CPU
		{2552AC86-FCE0-4DB5-9C5B-9F02513CE6DC}.Debug|Any CPU.ActiveCfg = Debug|Any CPU
		{2552AC86-FCE0-4DB5-9C5B-9F02513CE6DC}.Debug|Any CPU.Build.0 = Debug|Any CPU
		{2552AC86-FCE0-4DB5-9C5B-9F02513CE6DC}.Release|Any CPU.ActiveCfg = Release|Any CPU
		{2552AC86-FCE0-4DB5-9C5B-9F02513CE6DC}.Release|Any CPU.Build.0 = Release|Any CPU
		{30617AB2-7592-4C46-A963-638799D9C83D}.Debug|Any CPU.ActiveCfg = Debug|Any CPU
		{30617AB2-7592-4C46-A963-638799D9C83D}.Debug|Any CPU.Build.0 = Debug|Any CPU
		{30617AB2-7592-4C46-A963-638799D9C83D}.Release|Any CPU.ActiveCfg = Release|Any CPU
		{30617AB2-7592-4C46-A963-638799D9C83D}.Release|Any CPU.Build.0 = Release|Any CPU
		{D0BDD840-5FEA-48DE-9FA4-ED5A70F793E1}.Debug|Any CPU.ActiveCfg = Debug|Any CPU
		{D0BDD840-5FEA-48DE-9FA4-ED5A70F793E1}.Debug|Any CPU.Build.0 = Debug|Any CPU
		{D0BDD840-5FEA-48DE-9FA4-ED5A70F793E1}.Release|Any CPU.ActiveCfg = Release|Any CPU
		{D0BDD840-5FEA-48DE-9FA4-ED5A70F793E1}.Release|Any CPU.Build.0 = Release|Any CPU
		{793A96CD-88E1-48F3-87B8-E55973EE06CF}.Debug|Any CPU.ActiveCfg = Debug|Any CPU
		{793A96CD-88E1-48F3-87B8-E55973EE06CF}.Debug|Any CPU.Build.0 = Debug|Any CPU
		{793A96CD-88E1-48F3-87B8-E55973EE06CF}.Release|Any CPU.ActiveCfg = Release|Any CPU
		{793A96CD-88E1-48F3-87B8-E55973EE06CF}.Release|Any CPU.Build.0 = Release|Any CPU
		{0C6A2A1B-D570-4A6B-A97E-6833AB6958A0}.Debug|Any CPU.ActiveCfg = Debug|Any CPU
		{0C6A2A1B-D570-4A6B-A97E-6833AB6958A0}.Debug|Any CPU.Build.0 = Debug|Any CPU
		{0C6A2A1B-D570-4A6B-A97E-6833AB6958A0}.Release|Any CPU.ActiveCfg = Release|Any CPU
		{0C6A2A1B-D570-4A6B-A97E-6833AB6958A0}.Release|Any CPU.Build.0 = Release|Any CPU
		{106F7D51-C9E5-412A-9171-FAEF40FF148F}.Debug|Any CPU.ActiveCfg = Debug|Any CPU
		{106F7D51-C9E5-412A-9171-FAEF40FF148F}.Debug|Any CPU.Build.0 = Debug|Any CPU
		{106F7D51-C9E5-412A-9171-FAEF40FF148F}.Release|Any CPU.ActiveCfg = Release|Any CPU
		{106F7D51-C9E5-412A-9171-FAEF40FF148F}.Release|Any CPU.Build.0 = Release|Any CPU
		{EECF45FF-E34D-4B51-AD4B-198E310719C4}.Debug|Any CPU.ActiveCfg = Debug|Any CPU
		{EECF45FF-E34D-4B51-AD4B-198E310719C4}.Debug|Any CPU.Build.0 = Debug|Any CPU
		{EECF45FF-E34D-4B51-AD4B-198E310719C4}.Release|Any CPU.ActiveCfg = Release|Any CPU
		{EECF45FF-E34D-4B51-AD4B-198E310719C4}.Release|Any CPU.Build.0 = Release|Any CPU
	EndGlobalSection
	GlobalSection(SolutionProperties) = preSolution
		HideSolutionNode = FALSE
	EndGlobalSection
	GlobalSection(ExtensibilityGlobals) = postSolution
		SolutionGuid = {02B45319-BC0A-4DDA-84B1-6132FC36FD2B}
	EndGlobalSection
EndGlobal
